// !$*UTF8*$!
{
	archiveVersion = 1;
	classes = {
	};
	objectVersion = 48;
	objects = {

/* Begin PBXBuildFile section */
		69FAC98E2076B47B006CECF6 /* AppDelegate.swift in Sources */ = {isa = PBXBuildFile; fileRef = 69FAC98D2076B47B006CECF6 /* AppDelegate.swift */; };
		69FAC9902076B47B006CECF6 /* ViewController.swift in Sources */ = {isa = PBXBuildFile; fileRef = 69FAC98F2076B47B006CECF6 /* ViewController.swift */; };
		69FAC9932076B47B006CECF6 /* Main.storyboard in Resources */ = {isa = PBXBuildFile; fileRef = 69FAC9912076B47B006CECF6 /* Main.storyboard */; };
		69FAC9952076B47B006CECF6 /* Assets.xcassets in Resources */ = {isa = PBXBuildFile; fileRef = 69FAC9942076B47B006CECF6 /* Assets.xcassets */; };
		69FAC9982076B47B006CECF6 /* LaunchScreen.storyboard in Resources */ = {isa = PBXBuildFile; fileRef = 69FAC9962076B47B006CECF6 /* LaunchScreen.storyboard */; };
		69FAC9A32076B47B006CECF6 /* SDLTests.swift in Sources */ = {isa = PBXBuildFile; fileRef = 69FAC9A22076B47B006CECF6 /* SDLTests.swift */; };
		69FAC9AE2076B47B006CECF6 /* SDLUITests.swift in Sources */ = {isa = PBXBuildFile; fileRef = 69FAC9AD2076B47B006CECF6 /* SDLUITests.swift */; };
/* End PBXBuildFile section */

/* Begin PBXContainerItemProxy section */
		69FAC99F2076B47B006CECF6 /* PBXContainerItemProxy */ = {
			isa = PBXContainerItemProxy;
			containerPortal = 69FAC9822076B47B006CECF6 /* Project object */;
			proxyType = 1;
			remoteGlobalIDString = 69FAC9892076B47B006CECF6;
			remoteInfo = SDL;
		};
		69FAC9AA2076B47B006CECF6 /* PBXContainerItemProxy */ = {
			isa = PBXContainerItemProxy;
			containerPortal = 69FAC9822076B47B006CECF6 /* Project object */;
			proxyType = 1;
			remoteGlobalIDString = 69FAC9892076B47B006CECF6;
			remoteInfo = SDL;
		};
/* End PBXContainerItemProxy section */

/* Begin PBXFileReference section */
		69FAC98A2076B47B006CECF6 /* SDL.app */ = {isa = PBXFileReference; explicitFileType = wrapper.application; includeInIndex = 0; path = SDL.app; sourceTree = BUILT_PRODUCTS_DIR; };
		69FAC98D2076B47B006CECF6 /* AppDelegate.swift */ = {isa = PBXFileReference; lastKnownFileType = sourcecode.swift; path = AppDelegate.swift; sourceTree = "<group>"; };
		69FAC98F2076B47B006CECF6 /* ViewController.swift */ = {isa = PBXFileReference; lastKnownFileType = sourcecode.swift; path = ViewController.swift; sourceTree = "<group>"; };
		69FAC9922076B47B006CECF6 /* Base */ = {isa = PBXFileReference; lastKnownFileType = file.storyboard; name = Base; path = Base.lproj/Main.storyboard; sourceTree = "<group>"; };
		69FAC9942076B47B006CECF6 /* Assets.xcassets */ = {isa = PBXFileReference; lastKnownFileType = folder.assetcatalog; path = Assets.xcassets; sourceTree = "<group>"; };
		69FAC9972076B47B006CECF6 /* Base */ = {isa = PBXFileReference; lastKnownFileType = file.storyboard; name = Base; path = Base.lproj/LaunchScreen.storyboard; sourceTree = "<group>"; };
		69FAC9992076B47B006CECF6 /* Info.plist */ = {isa = PBXFileReference; lastKnownFileType = text.plist.xml; path = Info.plist; sourceTree = "<group>"; };
		69FAC99E2076B47B006CECF6 /* SDLTests.xctest */ = {isa = PBXFileReference; explicitFileType = wrapper.cfbundle; includeInIndex = 0; path = SDLTests.xctest; sourceTree = BUILT_PRODUCTS_DIR; };
		69FAC9A22076B47B006CECF6 /* SDLTests.swift */ = {isa = PBXFileReference; lastKnownFileType = sourcecode.swift; path = SDLTests.swift; sourceTree = "<group>"; };
		69FAC9A42076B47B006CECF6 /* Info.plist */ = {isa = PBXFileReference; lastKnownFileType = text.plist.xml; path = Info.plist; sourceTree = "<group>"; };
		69FAC9A92076B47B006CECF6 /* SDLUITests.xctest */ = {isa = PBXFileReference; explicitFileType = wrapper.cfbundle; includeInIndex = 0; path = SDLUITests.xctest; sourceTree = BUILT_PRODUCTS_DIR; };
		69FAC9AD2076B47B006CECF6 /* SDLUITests.swift */ = {isa = PBXFileReference; lastKnownFileType = sourcecode.swift; path = SDLUITests.swift; sourceTree = "<group>"; };
		69FAC9AF2076B47B006CECF6 /* Info.plist */ = {isa = PBXFileReference; lastKnownFileType = text.plist.xml; path = Info.plist; sourceTree = "<group>"; };
/* End PBXFileReference section */

/* Begin PBXFrameworksBuildPhase section */
		69FAC9872076B47B006CECF6 /* Frameworks */ = {
			isa = PBXFrameworksBuildPhase;
			buildActionMask = 2147483647;
			files = (
			);
			runOnlyForDeploymentPostprocessing = 0;
		};
		69FAC99B2076B47B006CECF6 /* Frameworks */ = {
			isa = PBXFrameworksBuildPhase;
			buildActionMask = 2147483647;
			files = (
			);
			runOnlyForDeploymentPostprocessing = 0;
		};
		69FAC9A62076B47B006CECF6 /* Frameworks */ = {
			isa = PBXFrameworksBuildPhase;
			buildActionMask = 2147483647;
			files = (
			);
			runOnlyForDeploymentPostprocessing = 0;
		};
/* End PBXFrameworksBuildPhase section */

/* Begin PBXGroup section */
		69FAC9812076B47B006CECF6 = {
			isa = PBXGroup;
			children = (
				69FAC98C2076B47B006CECF6 /* SDL */,
				69FAC9A12076B47B006CECF6 /* SDLTests */,
				69FAC9AC2076B47B006CECF6 /* SDLUITests */,
				69FAC98B2076B47B006CECF6 /* Products */,
			);
			sourceTree = "<group>";
		};
		69FAC98B2076B47B006CECF6 /* Products */ = {
			isa = PBXGroup;
			children = (
				69FAC98A2076B47B006CECF6 /* SDL.app */,
				69FAC99E2076B47B006CECF6 /* SDLTests.xctest */,
				69FAC9A92076B47B006CECF6 /* SDLUITests.xctest */,
			);
			name = Products;
			sourceTree = "<group>";
		};
		69FAC98C2076B47B006CECF6 /* SDL */ = {
			isa = PBXGroup;
			children = (
				69FAC98D2076B47B006CECF6 /* AppDelegate.swift */,
				69FAC98F2076B47B006CECF6 /* ViewController.swift */,
				69FAC9912076B47B006CECF6 /* Main.storyboard */,
				69FAC9942076B47B006CECF6 /* Assets.xcassets */,
				69FAC9962076B47B006CECF6 /* LaunchScreen.storyboard */,
				69FAC9992076B47B006CECF6 /* Info.plist */,
			);
			path = SDL;
			sourceTree = "<group>";
		};
		69FAC9A12076B47B006CECF6 /* SDLTests */ = {
			isa = PBXGroup;
			children = (
				69FAC9A22076B47B006CECF6 /* SDLTests.swift */,
				69FAC9A42076B47B006CECF6 /* Info.plist */,
			);
			path = SDLTests;
			sourceTree = "<group>";
		};
		69FAC9AC2076B47B006CECF6 /* SDLUITests */ = {
			isa = PBXGroup;
			children = (
				69FAC9AD2076B47B006CECF6 /* SDLUITests.swift */,
				69FAC9AF2076B47B006CECF6 /* Info.plist */,
			);
			path = SDLUITests;
			sourceTree = "<group>";
		};
/* End PBXGroup section */

/* Begin PBXNativeTarget section */
		69FAC9892076B47B006CECF6 /* SDL */ = {
			isa = PBXNativeTarget;
			buildConfigurationList = 69FAC9B22076B47B006CECF6 /* Build configuration list for PBXNativeTarget "SDL" */;
			buildPhases = (
				69FAC9862076B47B006CECF6 /* Sources */,
				69FAC9872076B47B006CECF6 /* Frameworks */,
				69FAC9882076B47B006CECF6 /* Resources */,
			);
			buildRules = (
			);
			dependencies = (
			);
			name = SDL;
			productName = SDL;
			productReference = 69FAC98A2076B47B006CECF6 /* SDL.app */;
			productType = "com.apple.product-type.application";
		};
		69FAC99D2076B47B006CECF6 /* SDLTests */ = {
			isa = PBXNativeTarget;
			buildConfigurationList = 69FAC9B52076B47B006CECF6 /* Build configuration list for PBXNativeTarget "SDLTests" */;
			buildPhases = (
				69FAC99A2076B47B006CECF6 /* Sources */,
				69FAC99B2076B47B006CECF6 /* Frameworks */,
				69FAC99C2076B47B006CECF6 /* Resources */,
			);
			buildRules = (
			);
			dependencies = (
				69FAC9A02076B47B006CECF6 /* PBXTargetDependency */,
			);
			name = SDLTests;
			productName = SDLTests;
			productReference = 69FAC99E2076B47B006CECF6 /* SDLTests.xctest */;
			productType = "com.apple.product-type.bundle.unit-test";
		};
		69FAC9A82076B47B006CECF6 /* SDLUITests */ = {
			isa = PBXNativeTarget;
			buildConfigurationList = 69FAC9B82076B47B006CECF6 /* Build configuration list for PBXNativeTarget "SDLUITests" */;
			buildPhases = (
				69FAC9A52076B47B006CECF6 /* Sources */,
				69FAC9A62076B47B006CECF6 /* Frameworks */,
				69FAC9A72076B47B006CECF6 /* Resources */,
			);
			buildRules = (
			);
			dependencies = (
				69FAC9AB2076B47B006CECF6 /* PBXTargetDependency */,
			);
			name = SDLUITests;
			productName = SDLUITests;
			productReference = 69FAC9A92076B47B006CECF6 /* SDLUITests.xctest */;
			productType = "com.apple.product-type.bundle.ui-testing";
		};
/* End PBXNativeTarget section */

/* Begin PBXProject section */
		69FAC9822076B47B006CECF6 /* Project object */ = {
			isa = PBXProject;
			attributes = {
				LastSwiftUpdateCheck = 0920;
				LastUpgradeCheck = 0920;
				ORGANIZATIONNAME = Tirath;
				TargetAttributes = {
					69FAC9892076B47B006CECF6 = {
						CreatedOnToolsVersion = 9.2;
						ProvisioningStyle = Automatic;
					};
					69FAC99D2076B47B006CECF6 = {
						CreatedOnToolsVersion = 9.2;
						ProvisioningStyle = Automatic;
						TestTargetID = 69FAC9892076B47B006CECF6;
					};
					69FAC9A82076B47B006CECF6 = {
						CreatedOnToolsVersion = 9.2;
						ProvisioningStyle = Automatic;
						TestTargetID = 69FAC9892076B47B006CECF6;
					};
				};
			};
			buildConfigurationList = 69FAC9852076B47B006CECF6 /* Build configuration list for PBXProject "SDL" */;
			compatibilityVersion = "Xcode 8.0";
			developmentRegion = en;
			hasScannedForEncodings = 0;
			knownRegions = (
				en,
				Base,
			);
			mainGroup = 69FAC9812076B47B006CECF6;
			productRefGroup = 69FAC98B2076B47B006CECF6 /* Products */;
			projectDirPath = "";
			projectRoot = "";
			targets = (
				69FAC9892076B47B006CECF6 /* SDL */,
				69FAC99D2076B47B006CECF6 /* SDLTests */,
				69FAC9A82076B47B006CECF6 /* SDLUITests */,
			);
		};
/* End PBXProject section */

/* Begin PBXResourcesBuildPhase section */
		69FAC9882076B47B006CECF6 /* Resources */ = {
			isa = PBXResourcesBuildPhase;
			buildActionMask = 2147483647;
			files = (
				69FAC9982076B47B006CECF6 /* LaunchScreen.storyboard in Resources */,
				69FAC9952076B47B006CECF6 /* Assets.xcassets in Resources */,
				69FAC9932076B47B006CECF6 /* Main.storyboard in Resources */,
			);
			runOnlyForDeploymentPostprocessing = 0;
		};
		69FAC99C2076B47B006CECF6 /* Resources */ = {
			isa = PBXResourcesBuildPhase;
			buildActionMask = 2147483647;
			files = (
			);
			runOnlyForDeploymentPostprocessing = 0;
		};
		69FAC9A72076B47B006CECF6 /* Resources */ = {
			isa = PBXResourcesBuildPhase;
			buildActionMask = 2147483647;
			files = (
			);
			runOnlyForDeploymentPostprocessing = 0;
		};
/* End PBXResourcesBuildPhase section */

/* Begin PBXSourcesBuildPhase section */
		69FAC9862076B47B006CECF6 /* Sources */ = {
			isa = PBXSourcesBuildPhase;
			buildActionMask = 2147483647;
			files = (
				69FAC9902076B47B006CECF6 /* ViewController.swift in Sources */,
				69FAC98E2076B47B006CECF6 /* AppDelegate.swift in Sources */,
			);
			runOnlyForDeploymentPostprocessing = 0;
		};
		69FAC99A2076B47B006CECF6 /* Sources */ = {
			isa = PBXSourcesBuildPhase;
			buildActionMask = 2147483647;
			files = (
				69FAC9A32076B47B006CECF6 /* SDLTests.swift in Sources */,
			);
			runOnlyForDeploymentPostprocessing = 0;
		};
		69FAC9A52076B47B006CECF6 /* Sources */ = {
			isa = PBXSourcesBuildPhase;
			buildActionMask = 2147483647;
			files = (
				69FAC9AE2076B47B006CECF6 /* SDLUITests.swift in Sources */,
			);
			runOnlyForDeploymentPostprocessing = 0;
		};
/* End PBXSourcesBuildPhase section */

/* Begin PBXTargetDependency section */
		69FAC9A02076B47B006CECF6 /* PBXTargetDependency */ = {
			isa = PBXTargetDependency;
			target = 69FAC9892076B47B006CECF6 /* SDL */;
			targetProxy = 69FAC99F2076B47B006CECF6 /* PBXContainerItemProxy */;
		};
		69FAC9AB2076B47B006CECF6 /* PBXTargetDependency */ = {
			isa = PBXTargetDependency;
			target = 69FAC9892076B47B006CECF6 /* SDL */;
			targetProxy = 69FAC9AA2076B47B006CECF6 /* PBXContainerItemProxy */;
		};
/* End PBXTargetDependency section */

/* Begin PBXVariantGroup section */
		69FAC9912076B47B006CECF6 /* Main.storyboard */ = {
			isa = PBXVariantGroup;
			children = (
				69FAC9922076B47B006CECF6 /* Base */,
			);
			name = Main.storyboard;
			sourceTree = "<group>";
		};
		69FAC9962076B47B006CECF6 /* LaunchScreen.storyboard */ = {
			isa = PBXVariantGroup;
			children = (
				69FAC9972076B47B006CECF6 /* Base */,
			);
			name = LaunchScreen.storyboard;
			sourceTree = "<group>";
		};
/* End PBXVariantGroup section */

/* Begin XCBuildConfiguration section */
		69FAC9B02076B47B006CECF6 /* Debug */ = {
			isa = XCBuildConfiguration;
			buildSettings = {
				ALWAYS_SEARCH_USER_PATHS = NO;
				CLANG_ANALYZER_NONNULL = YES;
				CLANG_ANALYZER_NUMBER_OBJECT_CONVERSION = YES_AGGRESSIVE;
				CLANG_CXX_LANGUAGE_STANDARD = "gnu++14";
				CLANG_CXX_LIBRARY = "libc++";
				CLANG_ENABLE_MODULES = YES;
				CLANG_ENABLE_OBJC_ARC = YES;
				CLANG_WARN_BLOCK_CAPTURE_AUTORELEASING = YES;
				CLANG_WARN_BOOL_CONVERSION = YES;
				CLANG_WARN_COMMA = YES;
				CLANG_WARN_CONSTANT_CONVERSION = YES;
				CLANG_WARN_DIRECT_OBJC_ISA_USAGE = YES_ERROR;
				CLANG_WARN_DOCUMENTATION_COMMENTS = YES;
				CLANG_WARN_EMPTY_BODY = YES;
				CLANG_WARN_ENUM_CONVERSION = YES;
				CLANG_WARN_INFINITE_RECURSION = YES;
				CLANG_WARN_INT_CONVERSION = YES;
				CLANG_WARN_NON_LITERAL_NULL_CONVERSION = YES;
				CLANG_WARN_OBJC_LITERAL_CONVERSION = YES;
				CLANG_WARN_OBJC_ROOT_CLASS = YES_ERROR;
				CLANG_WARN_RANGE_LOOP_ANALYSIS = YES;
				CLANG_WARN_STRICT_PROTOTYPES = YES;
				CLANG_WARN_SUSPICIOUS_MOVE = YES;
				CLANG_WARN_UNGUARDED_AVAILABILITY = YES_AGGRESSIVE;
				CLANG_WARN_UNREACHABLE_CODE = YES;
				CLANG_WARN__DUPLICATE_METHOD_MATCH = YES;
				CODE_SIGN_IDENTITY = "iPhone Developer";
				COPY_PHASE_STRIP = NO;
				DEBUG_INFORMATION_FORMAT = dwarf;
				ENABLE_STRICT_OBJC_MSGSEND = YES;
				ENABLE_TESTABILITY = YES;
				GCC_C_LANGUAGE_STANDARD = gnu11;
				GCC_DYNAMIC_NO_PIC = NO;
				GCC_NO_COMMON_BLOCKS = YES;
				GCC_OPTIMIZATION_LEVEL = 0;
				GCC_PREPROCESSOR_DEFINITIONS = (
					"DEBUG=1",
					"$(inherited)",
				);
				GCC_WARN_64_TO_32_BIT_CONVERSION = YES;
				GCC_WARN_ABOUT_RETURN_TYPE = YES_ERROR;
				GCC_WARN_UNDECLARED_SELECTOR = YES;
				GCC_WARN_UNINITIALIZED_AUTOS = YES_AGGRESSIVE;
				GCC_WARN_UNUSED_FUNCTION = YES;
				GCC_WARN_UNUSED_VARIABLE = YES;
				IPHONEOS_DEPLOYMENT_TARGET = 11.2;
				MTL_ENABLE_DEBUG_INFO = YES;
				ONLY_ACTIVE_ARCH = YES;
				SDKROOT = iphoneos;
				SWIFT_ACTIVE_COMPILATION_CONDITIONS = DEBUG;
				SWIFT_OPTIMIZATION_LEVEL = "-Onone";
			};
			name = Debug;
		};
		69FAC9B12076B47B006CECF6 /* Release */ = {
			isa = XCBuildConfiguration;
			buildSettings = {
				ALWAYS_SEARCH_USER_PATHS = NO;
				CLANG_ANALYZER_NONNULL = YES;
				CLANG_ANALYZER_NUMBER_OBJECT_CONVERSION = YES_AGGRESSIVE;
				CLANG_CXX_LANGUAGE_STANDARD = "gnu++14";
				CLANG_CXX_LIBRARY = "libc++";
				CLANG_ENABLE_MODULES = YES;
				CLANG_ENABLE_OBJC_ARC = YES;
				CLANG_WARN_BLOCK_CAPTURE_AUTORELEASING = YES;
				CLANG_WARN_BOOL_CONVERSION = YES;
				CLANG_WARN_COMMA = YES;
				CLANG_WARN_CONSTANT_CONVERSION = YES;
				CLANG_WARN_DIRECT_OBJC_ISA_USAGE = YES_ERROR;
				CLANG_WARN_DOCUMENTATION_COMMENTS = YES;
				CLANG_WARN_EMPTY_BODY = YES;
				CLANG_WARN_ENUM_CONVERSION = YES;
				CLANG_WARN_INFINITE_RECURSION = YES;
				CLANG_WARN_INT_CONVERSION = YES;
				CLANG_WARN_NON_LITERAL_NULL_CONVERSION = YES;
				CLANG_WARN_OBJC_LITERAL_CONVERSION = YES;
				CLANG_WARN_OBJC_ROOT_CLASS = YES_ERROR;
				CLANG_WARN_RANGE_LOOP_ANALYSIS = YES;
				CLANG_WARN_STRICT_PROTOTYPES = YES;
				CLANG_WARN_SUSPICIOUS_MOVE = YES;
				CLANG_WARN_UNGUARDED_AVAILABILITY = YES_AGGRESSIVE;
				CLANG_WARN_UNREACHABLE_CODE = YES;
				CLANG_WARN__DUPLICATE_METHOD_MATCH = YES;
				CODE_SIGN_IDENTITY = "iPhone Developer";
				COPY_PHASE_STRIP = NO;
				DEBUG_INFORMATION_FORMAT = "dwarf-with-dsym";
				ENABLE_NS_ASSERTIONS = NO;
				ENABLE_STRICT_OBJC_MSGSEND = YES;
				GCC_C_LANGUAGE_STANDARD = gnu11;
				GCC_NO_COMMON_BLOCKS = YES;
				GCC_WARN_64_TO_32_BIT_CONVERSION = YES;
				GCC_WARN_ABOUT_RETURN_TYPE = YES_ERROR;
				GCC_WARN_UNDECLARED_SELECTOR = YES;
				GCC_WARN_UNINITIALIZED_AUTOS = YES_AGGRESSIVE;
				GCC_WARN_UNUSED_FUNCTION = YES;
				GCC_WARN_UNUSED_VARIABLE = YES;
				IPHONEOS_DEPLOYMENT_TARGET = 11.2;
				MTL_ENABLE_DEBUG_INFO = NO;
				SDKROOT = iphoneos;
				SWIFT_OPTIMIZATION_LEVEL = "-Owholemodule";
				VALIDATE_PRODUCT = YES;
			};
			name = Release;
		};
		69FAC9B32076B47B006CECF6 /* Debug */ = {
			isa = XCBuildConfiguration;
			buildSettings = {
				ASSETCATALOG_COMPILER_APPICON_NAME = AppIcon;
				CODE_SIGN_STYLE = Automatic;
				DEVELOPMENT_TEAM = PG474JY948;
				INFOPLIST_FILE = SDL/Info.plist;
				LD_RUNPATH_SEARCH_PATHS = "$(inherited) @executable_path/Frameworks";
				PRODUCT_BUNDLE_IDENTIFIER = CPSC2150.SDL;
				PRODUCT_NAME = "$(TARGET_NAME)";
				SWIFT_VERSION = 4.0;
				TARGETED_DEVICE_FAMILY = "1,2";
			};
			name = Debug;
		};
		69FAC9B42076B47B006CECF6 /* Release */ = {
			isa = XCBuildConfiguration;
			buildSettings = {
				ASSETCATALOG_COMPILER_APPICON_NAME = AppIcon;
				CODE_SIGN_STYLE = Automatic;
				DEVELOPMENT_TEAM = PG474JY948;
				INFOPLIST_FILE = SDL/Info.plist;
				LD_RUNPATH_SEARCH_PATHS = "$(inherited) @executable_path/Frameworks";
				PRODUCT_BUNDLE_IDENTIFIER = CPSC2150.SDL;
				PRODUCT_NAME = "$(TARGET_NAME)";
				SWIFT_VERSION = 4.0;
				TARGETED_DEVICE_FAMILY = "1,2";
			};
			name = Release;
		};
		69FAC9B62076B47B006CECF6 /* Debug */ = {
			isa = XCBuildConfiguration;
			buildSettings = {
				ALWAYS_EMBED_SWIFT_STANDARD_LIBRARIES = YES;
				BUNDLE_LOADER = "$(TEST_HOST)";
				CODE_SIGN_STYLE = Automatic;
				DEVELOPMENT_TEAM = PG474JY948;
				INFOPLIST_FILE = SDLTests/Info.plist;
				LD_RUNPATH_SEARCH_PATHS = "$(inherited) @executable_path/Frameworks @loader_path/Frameworks";
				PRODUCT_BUNDLE_IDENTIFIER = CPSC2150.SDLTests;
				PRODUCT_NAME = "$(TARGET_NAME)";
				SWIFT_VERSION = 4.0;
				TARGETED_DEVICE_FAMILY = "1,2";
				TEST_HOST = "$(BUILT_PRODUCTS_DIR)/SDL.app/SDL";
			};
			name = Debug;
		};
		69FAC9B72076B47B006CECF6 /* Release */ = {
			isa = XCBuildConfiguration;
			buildSettings = {
				ALWAYS_EMBED_SWIFT_STANDARD_LIBRARIES = YES;
				BUNDLE_LOADER = "$(TEST_HOST)";
				CODE_SIGN_STYLE = Automatic;
				DEVELOPMENT_TEAM = PG474JY948;
				INFOPLIST_FILE = SDLTests/Info.plist;
				LD_RUNPATH_SEARCH_PATHS = "$(inherited) @executable_path/Frameworks @loader_path/Frameworks";
				PRODUCT_BUNDLE_IDENTIFIER = CPSC2150.SDLTests;
				PRODUCT_NAME = "$(TARGET_NAME)";
				SWIFT_VERSION = 4.0;
				TARGETED_DEVICE_FAMILY = "1,2";
				TEST_HOST = "$(BUILT_PRODUCTS_DIR)/SDL.app/SDL";
			};
			name = Release;
		};
		69FAC9B92076B47B006CECF6 /* Debug */ = {
			isa = XCBuildConfiguration;
			buildSettings = {
				ALWAYS_EMBED_SWIFT_STANDARD_LIBRARIES = YES;
				CODE_SIGN_STYLE = Automatic;
				DEVELOPMENT_TEAM = PG474JY948;
				INFOPLIST_FILE = SDLUITests/Info.plist;
				LD_RUNPATH_SEARCH_PATHS = "$(inherited) @executable_path/Frameworks @loader_path/Frameworks";
				PRODUCT_BUNDLE_IDENTIFIER = CPSC2150.SDLUITests;
				PRODUCT_NAME = "$(TARGET_NAME)";
				SWIFT_VERSION = 4.0;
				TARGETED_DEVICE_FAMILY = "1,2";
				TEST_TARGET_NAME = SDL;
			};
			name = Debug;
		};
		69FAC9BA2076B47B006CECF6 /* Release */ = {
			isa = XCBuildConfiguration;
			buildSettings = {
				ALWAYS_EMBED_SWIFT_STANDARD_LIBRARIES = YES;
				CODE_SIGN_STYLE = Automatic;
				DEVELOPMENT_TEAM = PG474JY948;
				INFOPLIST_FILE = SDLUITests/Info.plist;
				LD_RUNPATH_SEARCH_PATHS = "$(inherited) @executable_path/Frameworks @loader_path/Frameworks";
				PRODUCT_BUNDLE_IDENTIFIER = CPSC2150.SDLUITests;
				PRODUCT_NAME = "$(TARGET_NAME)";
				SWIFT_VERSION = 4.0;
				TARGETED_DEVICE_FAMILY = "1,2";
				TEST_TARGET_NAME = SDL;
			};
			name = Release;
		};
/* End XCBuildConfiguration section */

/* Begin XCConfigurationList section */
		69FAC9852076B47B006CECF6 /* Build configuration list for PBXProject "SDL" */ = {
			isa = XCConfigurationList;
			buildConfigurations = (
				69FAC9B02076B47B006CECF6 /* Debug */,
				69FAC9B12076B47B006CECF6 /* Release */,
			);
			defaultConfigurationIsVisible = 0;
			defaultConfigurationName = Release;
		};
		69FAC9B22076B47B006CECF6 /* Build configuration list for PBXNativeTarget "SDL" */ = {
			isa = XCConfigurationList;
			buildConfigurations = (
				69FAC9B32076B47B006CECF6 /* Debug */,
				69FAC9B42076B47B006CECF6 /* Release */,
			);
			defaultConfigurationIsVisible = 0;
			defaultConfigurationName = Release;
		};
		69FAC9B52076B47B006CECF6 /* Build configuration list for PBXNativeTarget "SDLTests" */ = {
			isa = XCConfigurationList;
			buildConfigurations = (
				69FAC9B62076B47B006CECF6 /* Debug */,
				69FAC9B72076B47B006CECF6 /* Release */,
			);
			defaultConfigurationIsVisible = 0;
			defaultConfigurationName = Release;
		};
		69FAC9B82076B47B006CECF6 /* Build configuration list for PBXNativeTarget "SDLUITests" */ = {
			isa = XCConfigurationList;
			buildConfigurations = (
				69FAC9B92076B47B006CECF6 /* Debug */,
				69FAC9BA2076B47B006CECF6 /* Release */,
			);
			defaultConfigurationIsVisible = 0;
			defaultConfigurationName = Release;
		};
/* End XCConfigurationList section */
	};
	rootObject = 69FAC9822076B47B006CECF6 /* Project object */;
}
